// !$*UTF8*$!
{
	archiveVersion = 1;
	classes = {
	};
	objectVersion = 51;
	objects = {

/* Begin PBXBuildFile section */
		B006646F22FB249600C56DD7 /* AppDelegate.m in Sources */ = {isa = PBXBuildFile; fileRef = B006646E22FB249600C56DD7 /* AppDelegate.m */; };
		B006647222FB249600C56DD7 /* ViewController.m in Sources */ = {isa = PBXBuildFile; fileRef = B006647122FB249600C56DD7 /* ViewController.m */; };
		B006647522FB249600C56DD7 /* Main.storyboard in Resources */ = {isa = PBXBuildFile; fileRef = B006647322FB249600C56DD7 /* Main.storyboard */; };
		B006647722FB249800C56DD7 /* Assets.xcassets in Resources */ = {isa = PBXBuildFile; fileRef = B006647622FB249800C56DD7 /* Assets.xcassets */; };
		B006647A22FB249800C56DD7 /* LaunchScreen.storyboard in Resources */ = {isa = PBXBuildFile; fileRef = B006647822FB249800C56DD7 /* LaunchScreen.storyboard */; };
		B006647D22FB249800C56DD7 /* main.m in Sources */ = {isa = PBXBuildFile; fileRef = B006647C22FB249800C56DD7 /* main.m */; };
		B00664B422FB24F100C56DD7 /* TMRelearnKnowledgeModel.m in Sources */ = {isa = PBXBuildFile; fileRef = B00664A522FB24F000C56DD7 /* TMRelearnKnowledgeModel.m */; };
		B00664B522FB24F100C56DD7 /* TMRelearnWordsDetailCell.m in Sources */ = {isa = PBXBuildFile; fileRef = B00664A722FB24F000C56DD7 /* TMRelearnWordsDetailCell.m */; };
		B00664B622FB24F100C56DD7 /* TMRelearnWordsDetailHeaderView.m in Sources */ = {isa = PBXBuildFile; fileRef = B00664A822FB24F000C56DD7 /* TMRelearnWordsDetailHeaderView.m */; };
		B00664B722FB24F100C56DD7 /* TMRelearnWordsDetailViewController.m in Sources */ = {isa = PBXBuildFile; fileRef = B00664A922FB24F000C56DD7 /* TMRelearnWordsDetailViewController.m */; };
		B00664B822FB24F100C56DD7 /* TMRelearnRequest.m in Sources */ = {isa = PBXBuildFile; fileRef = B00664AE22FB24F100C56DD7 /* TMRelearnRequest.m */; };
		B00664B922FB24F100C56DD7 /* TMRelearnWordsListViewController.m in Sources */ = {isa = PBXBuildFile; fileRef = B00664B122FB24F100C56DD7 /* TMRelearnWordsListViewController.m */; };
		B00664BB22FB24FA00C56DD7 /* DataSource.json in Resources */ = {isa = PBXBuildFile; fileRef = B00664BA22FB24FA00C56DD7 /* DataSource.json */; };
		B00664BE22FB25A600C56DD7 /* TMRelearnManager.m in Sources */ = {isa = PBXBuildFile; fileRef = B00664BD22FB25A600C56DD7 /* TMRelearnManager.m */; };
		B00664C122FB2FC500C56DD7 /* TMRelearnBaseViewController.m in Sources */ = {isa = PBXBuildFile; fileRef = B00664C022FB2FC500C56DD7 /* TMRelearnBaseViewController.m */; };
		B00664C422FB3AC500C56DD7 /* UIImage+TMResource.m in Sources */ = {isa = PBXBuildFile; fileRef = B00664C322FB3AC500C56DD7 /* UIImage+TMResource.m */; };
		BCC5BB4AA8D4C9554F04106C /* Pods_TMRelearnModule.framework in Frameworks */ = {isa = PBXBuildFile; fileRef = 2D7F920B5E606B263109671E /* Pods_TMRelearnModule.framework */; };
		CBBFB32622FBA4DB00325246 /* TMRelearnModule.bundle in Resources */ = {isa = PBXBuildFile; fileRef = CBBFB32522FBA4DB00325246 /* TMRelearnModule.bundle */; };
		CBBFB32922FBA91E00325246 /* TMRelearnWordsListFooterView.m in Sources */ = {isa = PBXBuildFile; fileRef = CBBFB32822FBA91E00325246 /* TMRelearnWordsListFooterView.m */; };
		CBBFB32D22FBB00900325246 /* TMRelearnSpeakViewController.m in Sources */ = {isa = PBXBuildFile; fileRef = CBBFB32C22FBB00900325246 /* TMRelearnSpeakViewController.m */; };
		CBBFB33022FBB16300325246 /* TMRelearnSpeakCell.m in Sources */ = {isa = PBXBuildFile; fileRef = CBBFB32F22FBB16300325246 /* TMRelearnSpeakCell.m */; };
		CBBFB33322FBC5F900325246 /* TMRelearnSpeakManager.m in Sources */ = {isa = PBXBuildFile; fileRef = CBBFB33222FBC5F900325246 /* TMRelearnSpeakManager.m */; };
		CBBFB33622FBCC2500325246 /* TMRelearnSpeakFooterView.m in Sources */ = {isa = PBXBuildFile; fileRef = CBBFB33522FBCC2500325246 /* TMRelearnSpeakFooterView.m */; };
		CBBFB33922FBE2A700325246 /* TMRelearnDisplayLink.m in Sources */ = {isa = PBXBuildFile; fileRef = CBBFB33822FBE2A700325246 /* TMRelearnDisplayLink.m */; };
		CBBFB33C22FBF45500325246 /* TMRelearnSpeakTipsAlertView.m in Sources */ = {isa = PBXBuildFile; fileRef = CBBFB33B22FBF45500325246 /* TMRelearnSpeakTipsAlertView.m */; };
		CBBFB33F22FBFCB000325246 /* TMRelearnAlertView.m in Sources */ = {isa = PBXBuildFile; fileRef = CBBFB33E22FBFCB000325246 /* TMRelearnAlertView.m */; };
		CBBFB34422FC106C00325246 /* TMRelearnListenViewController.m in Sources */ = {isa = PBXBuildFile; fileRef = CBBFB34322FC106C00325246 /* TMRelearnListenViewController.m */; };
		CBBFB34722FC13B700325246 /* TMRelearnListenFooterView.m in Sources */ = {isa = PBXBuildFile; fileRef = CBBFB34622FC13B700325246 /* TMRelearnListenFooterView.m */; };
		CBBFB34A22FC15F200325246 /* TMRelearnListenCell.m in Sources */ = {isa = PBXBuildFile; fileRef = CBBFB34922FC15F200325246 /* TMRelearnListenCell.m */; };
		CBBFB34D22FC171300325246 /* TMRelearnListenCountDownView.m in Sources */ = {isa = PBXBuildFile; fileRef = CBBFB34C22FC171300325246 /* TMRelearnListenCountDownView.m */; };
		CBBFB35A22FC3C6300325246 /* TMRelearnResultViewController.m in Sources */ = {isa = PBXBuildFile; fileRef = CBBFB35922FC3C6300325246 /* TMRelearnResultViewController.m */; };
		CBBFB35D22FC422800325246 /* TMRelearnResultDetailViewController.m in Sources */ = {isa = PBXBuildFile; fileRef = CBBFB35C22FC422800325246 /* TMRelearnResultDetailViewController.m */; };
		CBBFB36022FC426000325246 /* TMRelearnResultDetailFooterView.m in Sources */ = {isa = PBXBuildFile; fileRef = CBBFB35F22FC426000325246 /* TMRelearnResultDetailFooterView.m */; };
		CBBFB36322FC42AD00325246 /* TMRelearnResultDetailCell.m in Sources */ = {isa = PBXBuildFile; fileRef = CBBFB36222FC42AD00325246 /* TMRelearnResultDetailCell.m */; };
/* End PBXBuildFile section */

/* Begin PBXFileReference section */
		2D7F920B5E606B263109671E /* Pods_TMRelearnModule.framework */ = {isa = PBXFileReference; explicitFileType = wrapper.framework; includeInIndex = 0; path = Pods_TMRelearnModule.framework; sourceTree = BUILT_PRODUCTS_DIR; };
		9951156FA86019D34999DD06 /* Pods-TMRelearnModule.release.xcconfig */ = {isa = PBXFileReference; includeInIndex = 1; lastKnownFileType = text.xcconfig; name = "Pods-TMRelearnModule.release.xcconfig"; path = "Target Support Files/Pods-TMRelearnModule/Pods-TMRelearnModule.release.xcconfig"; sourceTree = "<group>"; };
		B006646A22FB249600C56DD7 /* TMRelearnModule.app */ = {isa = PBXFileReference; explicitFileType = wrapper.application; includeInIndex = 0; path = TMRelearnModule.app; sourceTree = BUILT_PRODUCTS_DIR; };
		B006646D22FB249600C56DD7 /* AppDelegate.h */ = {isa = PBXFileReference; lastKnownFileType = sourcecode.c.h; path = AppDelegate.h; sourceTree = "<group>"; };
		B006646E22FB249600C56DD7 /* AppDelegate.m */ = {isa = PBXFileReference; lastKnownFileType = sourcecode.c.objc; path = AppDelegate.m; sourceTree = "<group>"; };
		B006647022FB249600C56DD7 /* ViewController.h */ = {isa = PBXFileReference; lastKnownFileType = sourcecode.c.h; path = ViewController.h; sourceTree = "<group>"; };
		B006647122FB249600C56DD7 /* ViewController.m */ = {isa = PBXFileReference; lastKnownFileType = sourcecode.c.objc; path = ViewController.m; sourceTree = "<group>"; };
		B006647422FB249600C56DD7 /* Base */ = {isa = PBXFileReference; lastKnownFileType = file.storyboard; name = Base; path = Base.lproj/Main.storyboard; sourceTree = "<group>"; };
		B006647622FB249800C56DD7 /* Assets.xcassets */ = {isa = PBXFileReference; lastKnownFileType = folder.assetcatalog; path = Assets.xcassets; sourceTree = "<group>"; };
		B006647922FB249800C56DD7 /* Base */ = {isa = PBXFileReference; lastKnownFileType = file.storyboard; name = Base; path = Base.lproj/LaunchScreen.storyboard; sourceTree = "<group>"; };
		B006647B22FB249800C56DD7 /* Info.plist */ = {isa = PBXFileReference; lastKnownFileType = text.plist.xml; path = Info.plist; sourceTree = "<group>"; };
		B006647C22FB249800C56DD7 /* main.m */ = {isa = PBXFileReference; lastKnownFileType = sourcecode.c.objc; path = main.m; sourceTree = "<group>"; };
		B00664A422FB24F000C56DD7 /* TMRelearnKnowledgeModel.h */ = {isa = PBXFileReference; fileEncoding = 4; lastKnownFileType = sourcecode.c.h; path = TMRelearnKnowledgeModel.h; sourceTree = "<group>"; };
		B00664A522FB24F000C56DD7 /* TMRelearnKnowledgeModel.m */ = {isa = PBXFileReference; fileEncoding = 4; lastKnownFileType = sourcecode.c.objc; path = TMRelearnKnowledgeModel.m; sourceTree = "<group>"; };
		B00664A722FB24F000C56DD7 /* TMRelearnWordsDetailCell.m */ = {isa = PBXFileReference; fileEncoding = 4; lastKnownFileType = sourcecode.c.objc; path = TMRelearnWordsDetailCell.m; sourceTree = "<group>"; };
		B00664A822FB24F000C56DD7 /* TMRelearnWordsDetailHeaderView.m */ = {isa = PBXFileReference; fileEncoding = 4; lastKnownFileType = sourcecode.c.objc; path = TMRelearnWordsDetailHeaderView.m; sourceTree = "<group>"; };
		B00664A922FB24F000C56DD7 /* TMRelearnWordsDetailViewController.m */ = {isa = PBXFileReference; fileEncoding = 4; lastKnownFileType = sourcecode.c.objc; path = TMRelearnWordsDetailViewController.m; sourceTree = "<group>"; };
		B00664AA22FB24F100C56DD7 /* TMRelearnWordsDetailHeaderView.h */ = {isa = PBXFileReference; fileEncoding = 4; lastKnownFileType = sourcecode.c.h; path = TMRelearnWordsDetailHeaderView.h; sourceTree = "<group>"; };
		B00664AB22FB24F100C56DD7 /* TMRelearnWordsDetailCell.h */ = {isa = PBXFileReference; fileEncoding = 4; lastKnownFileType = sourcecode.c.h; path = TMRelearnWordsDetailCell.h; sourceTree = "<group>"; };
		B00664AC22FB24F100C56DD7 /* TMRelearnWordsDetailViewController.h */ = {isa = PBXFileReference; fileEncoding = 4; lastKnownFileType = sourcecode.c.h; path = TMRelearnWordsDetailViewController.h; sourceTree = "<group>"; };
		B00664AE22FB24F100C56DD7 /* TMRelearnRequest.m */ = {isa = PBXFileReference; fileEncoding = 4; lastKnownFileType = sourcecode.c.objc; path = TMRelearnRequest.m; sourceTree = "<group>"; };
		B00664AF22FB24F100C56DD7 /* TMRelearnRequest.h */ = {isa = PBXFileReference; fileEncoding = 4; lastKnownFileType = sourcecode.c.h; path = TMRelearnRequest.h; sourceTree = "<group>"; };
		B00664B122FB24F100C56DD7 /* TMRelearnWordsListViewController.m */ = {isa = PBXFileReference; fileEncoding = 4; lastKnownFileType = sourcecode.c.objc; path = TMRelearnWordsListViewController.m; sourceTree = "<group>"; };
		B00664B222FB24F100C56DD7 /* TMRelearnWordsListViewController.h */ = {isa = PBXFileReference; fileEncoding = 4; lastKnownFileType = sourcecode.c.h; path = TMRelearnWordsListViewController.h; sourceTree = "<group>"; };
		B00664B322FB24F100C56DD7 /* TMRelearnMacros.h */ = {isa = PBXFileReference; fileEncoding = 4; lastKnownFileType = sourcecode.c.h; path = TMRelearnMacros.h; sourceTree = "<group>"; };
		B00664BA22FB24FA00C56DD7 /* DataSource.json */ = {isa = PBXFileReference; fileEncoding = 4; lastKnownFileType = text.json; path = DataSource.json; sourceTree = "<group>"; };
		B00664BC22FB25A600C56DD7 /* TMRelearnManager.h */ = {isa = PBXFileReference; fileEncoding = 4; lastKnownFileType = sourcecode.c.h; path = TMRelearnManager.h; sourceTree = "<group>"; };
		B00664BD22FB25A600C56DD7 /* TMRelearnManager.m */ = {isa = PBXFileReference; fileEncoding = 4; lastKnownFileType = sourcecode.c.objc; path = TMRelearnManager.m; sourceTree = "<group>"; };
		B00664BF22FB2FC500C56DD7 /* TMRelearnBaseViewController.h */ = {isa = PBXFileReference; lastKnownFileType = sourcecode.c.h; path = TMRelearnBaseViewController.h; sourceTree = "<group>"; };
		B00664C022FB2FC500C56DD7 /* TMRelearnBaseViewController.m */ = {isa = PBXFileReference; lastKnownFileType = sourcecode.c.objc; path = TMRelearnBaseViewController.m; sourceTree = "<group>"; };
		B00664C222FB3AC500C56DD7 /* UIImage+TMResource.h */ = {isa = PBXFileReference; lastKnownFileType = sourcecode.c.h; path = "UIImage+TMResource.h"; sourceTree = "<group>"; };
		B00664C322FB3AC500C56DD7 /* UIImage+TMResource.m */ = {isa = PBXFileReference; lastKnownFileType = sourcecode.c.objc; path = "UIImage+TMResource.m"; sourceTree = "<group>"; };
		CBBFB32522FBA4DB00325246 /* TMRelearnModule.bundle */ = {isa = PBXFileReference; lastKnownFileType = "wrapper.plug-in"; path = TMRelearnModule.bundle; sourceTree = "<group>"; };
		CBBFB32722FBA91E00325246 /* TMRelearnWordsListFooterView.h */ = {isa = PBXFileReference; lastKnownFileType = sourcecode.c.h; path = TMRelearnWordsListFooterView.h; sourceTree = "<group>"; };
		CBBFB32822FBA91E00325246 /* TMRelearnWordsListFooterView.m */ = {isa = PBXFileReference; lastKnownFileType = sourcecode.c.objc; path = TMRelearnWordsListFooterView.m; sourceTree = "<group>"; };
		CBBFB32B22FBB00900325246 /* TMRelearnSpeakViewController.h */ = {isa = PBXFileReference; lastKnownFileType = sourcecode.c.h; path = TMRelearnSpeakViewController.h; sourceTree = "<group>"; };
		CBBFB32C22FBB00900325246 /* TMRelearnSpeakViewController.m */ = {isa = PBXFileReference; lastKnownFileType = sourcecode.c.objc; path = TMRelearnSpeakViewController.m; sourceTree = "<group>"; };
		CBBFB32E22FBB16300325246 /* TMRelearnSpeakCell.h */ = {isa = PBXFileReference; lastKnownFileType = sourcecode.c.h; path = TMRelearnSpeakCell.h; sourceTree = "<group>"; };
		CBBFB32F22FBB16300325246 /* TMRelearnSpeakCell.m */ = {isa = PBXFileReference; lastKnownFileType = sourcecode.c.objc; path = TMRelearnSpeakCell.m; sourceTree = "<group>"; };
		CBBFB33122FBC5F900325246 /* TMRelearnSpeakManager.h */ = {isa = PBXFileReference; lastKnownFileType = sourcecode.c.h; path = TMRelearnSpeakManager.h; sourceTree = "<group>"; };
		CBBFB33222FBC5F900325246 /* TMRelearnSpeakManager.m */ = {isa = PBXFileReference; lastKnownFileType = sourcecode.c.objc; path = TMRelearnSpeakManager.m; sourceTree = "<group>"; };
		CBBFB33422FBCC2500325246 /* TMRelearnSpeakFooterView.h */ = {isa = PBXFileReference; lastKnownFileType = sourcecode.c.h; path = TMRelearnSpeakFooterView.h; sourceTree = "<group>"; };
		CBBFB33522FBCC2500325246 /* TMRelearnSpeakFooterView.m */ = {isa = PBXFileReference; lastKnownFileType = sourcecode.c.objc; path = TMRelearnSpeakFooterView.m; sourceTree = "<group>"; };
		CBBFB33722FBE2A700325246 /* TMRelearnDisplayLink.h */ = {isa = PBXFileReference; lastKnownFileType = sourcecode.c.h; path = TMRelearnDisplayLink.h; sourceTree = "<group>"; };
		CBBFB33822FBE2A700325246 /* TMRelearnDisplayLink.m */ = {isa = PBXFileReference; lastKnownFileType = sourcecode.c.objc; path = TMRelearnDisplayLink.m; sourceTree = "<group>"; };
		CBBFB33A22FBF45500325246 /* TMRelearnSpeakTipsAlertView.h */ = {isa = PBXFileReference; lastKnownFileType = sourcecode.c.h; path = TMRelearnSpeakTipsAlertView.h; sourceTree = "<group>"; };
		CBBFB33B22FBF45500325246 /* TMRelearnSpeakTipsAlertView.m */ = {isa = PBXFileReference; lastKnownFileType = sourcecode.c.objc; path = TMRelearnSpeakTipsAlertView.m; sourceTree = "<group>"; };
		CBBFB33D22FBFCB000325246 /* TMRelearnAlertView.h */ = {isa = PBXFileReference; lastKnownFileType = sourcecode.c.h; path = TMRelearnAlertView.h; sourceTree = "<group>"; };
		CBBFB33E22FBFCB000325246 /* TMRelearnAlertView.m */ = {isa = PBXFileReference; lastKnownFileType = sourcecode.c.objc; path = TMRelearnAlertView.m; sourceTree = "<group>"; };
		CBBFB34222FC106C00325246 /* TMRelearnListenViewController.h */ = {isa = PBXFileReference; lastKnownFileType = sourcecode.c.h; path = TMRelearnListenViewController.h; sourceTree = "<group>"; };
		CBBFB34322FC106C00325246 /* TMRelearnListenViewController.m */ = {isa = PBXFileReference; lastKnownFileType = sourcecode.c.objc; path = TMRelearnListenViewController.m; sourceTree = "<group>"; };
		CBBFB34522FC13B700325246 /* TMRelearnListenFooterView.h */ = {isa = PBXFileReference; lastKnownFileType = sourcecode.c.h; path = TMRelearnListenFooterView.h; sourceTree = "<group>"; };
		CBBFB34622FC13B700325246 /* TMRelearnListenFooterView.m */ = {isa = PBXFileReference; lastKnownFileType = sourcecode.c.objc; path = TMRelearnListenFooterView.m; sourceTree = "<group>"; };
		CBBFB34822FC15F200325246 /* TMRelearnListenCell.h */ = {isa = PBXFileReference; lastKnownFileType = sourcecode.c.h; path = TMRelearnListenCell.h; sourceTree = "<group>"; };
		CBBFB34922FC15F200325246 /* TMRelearnListenCell.m */ = {isa = PBXFileReference; lastKnownFileType = sourcecode.c.objc; path = TMRelearnListenCell.m; sourceTree = "<group>"; };
		CBBFB34B22FC171300325246 /* TMRelearnListenCountDownView.h */ = {isa = PBXFileReference; lastKnownFileType = sourcecode.c.h; path = TMRelearnListenCountDownView.h; sourceTree = "<group>"; };
		CBBFB34C22FC171300325246 /* TMRelearnListenCountDownView.m */ = {isa = PBXFileReference; lastKnownFileType = sourcecode.c.objc; path = TMRelearnListenCountDownView.m; sourceTree = "<group>"; };
		CBBFB35822FC3C6300325246 /* TMRelearnResultViewController.h */ = {isa = PBXFileReference; lastKnownFileType = sourcecode.c.h; path = TMRelearnResultViewController.h; sourceTree = "<group>"; };
		CBBFB35922FC3C6300325246 /* TMRelearnResultViewController.m */ = {isa = PBXFileReference; lastKnownFileType = sourcecode.c.objc; path = TMRelearnResultViewController.m; sourceTree = "<group>"; };
		CBBFB35B22FC422800325246 /* TMRelearnResultDetailViewController.h */ = {isa = PBXFileReference; lastKnownFileType = sourcecode.c.h; path = TMRelearnResultDetailViewController.h; sourceTree = "<group>"; };
		CBBFB35C22FC422800325246 /* TMRelearnResultDetailViewController.m */ = {isa = PBXFileReference; lastKnownFileType = sourcecode.c.objc; path = TMRelearnResultDetailViewController.m; sourceTree = "<group>"; };
		CBBFB35E22FC426000325246 /* TMRelearnResultDetailFooterView.h */ = {isa = PBXFileReference; lastKnownFileType = sourcecode.c.h; path = TMRelearnResultDetailFooterView.h; sourceTree = "<group>"; };
		CBBFB35F22FC426000325246 /* TMRelearnResultDetailFooterView.m */ = {isa = PBXFileReference; lastKnownFileType = sourcecode.c.objc; path = TMRelearnResultDetailFooterView.m; sourceTree = "<group>"; };
		CBBFB36122FC42AD00325246 /* TMRelearnResultDetailCell.h */ = {isa = PBXFileReference; lastKnownFileType = sourcecode.c.h; path = TMRelearnResultDetailCell.h; sourceTree = "<group>"; };
		CBBFB36222FC42AD00325246 /* TMRelearnResultDetailCell.m */ = {isa = PBXFileReference; lastKnownFileType = sourcecode.c.objc; path = TMRelearnResultDetailCell.m; sourceTree = "<group>"; };
		E26B3804C0C4D780A2651384 /* Pods-TMRelearnModule.debug.xcconfig */ = {isa = PBXFileReference; includeInIndex = 1; lastKnownFileType = text.xcconfig; name = "Pods-TMRelearnModule.debug.xcconfig"; path = "Target Support Files/Pods-TMRelearnModule/Pods-TMRelearnModule.debug.xcconfig"; sourceTree = "<group>"; };
/* End PBXFileReference section */

/* Begin PBXFrameworksBuildPhase section */
		B006646722FB249600C56DD7 /* Frameworks */ = {
			isa = PBXFrameworksBuildPhase;
			buildActionMask = 2147483647;
			files = (
				BCC5BB4AA8D4C9554F04106C /* Pods_TMRelearnModule.framework in Frameworks */,
			);
			runOnlyForDeploymentPostprocessing = 0;
		};
/* End PBXFrameworksBuildPhase section */

/* Begin PBXGroup section */
		9645972DA4CDD29F1086295C /* Pods */ = {
			isa = PBXGroup;
			children = (
				E26B3804C0C4D780A2651384 /* Pods-TMRelearnModule.debug.xcconfig */,
				9951156FA86019D34999DD06 /* Pods-TMRelearnModule.release.xcconfig */,
			);
			path = Pods;
			sourceTree = "<group>";
		};
		B006646122FB249600C56DD7 = {
			isa = PBXGroup;
			children = (
				B006646C22FB249600C56DD7 /* TMRelearnModule */,
				B006646B22FB249600C56DD7 /* Products */,
				9645972DA4CDD29F1086295C /* Pods */,
				E9ED5905C6AD740B0FB6C64E /* Frameworks */,
			);
			sourceTree = "<group>";
		};
		B006646B22FB249600C56DD7 /* Products */ = {
			isa = PBXGroup;
			children = (
				B006646A22FB249600C56DD7 /* TMRelearnModule.app */,
			);
			name = Products;
			sourceTree = "<group>";
		};
		B006646C22FB249600C56DD7 /* TMRelearnModule */ = {
			isa = PBXGroup;
			children = (
				CBBFB32522FBA4DB00325246 /* TMRelearnModule.bundle */,
				B00664A222FB24F000C56DD7 /* TMRelearnModule */,
				B006646D22FB249600C56DD7 /* AppDelegate.h */,
				B006646E22FB249600C56DD7 /* AppDelegate.m */,
				B006647022FB249600C56DD7 /* ViewController.h */,
				B006647122FB249600C56DD7 /* ViewController.m */,
				B006647322FB249600C56DD7 /* Main.storyboard */,
				B006647622FB249800C56DD7 /* Assets.xcassets */,
				B006647822FB249800C56DD7 /* LaunchScreen.storyboard */,
				B006647B22FB249800C56DD7 /* Info.plist */,
				B006647C22FB249800C56DD7 /* main.m */,
				B00664BA22FB24FA00C56DD7 /* DataSource.json */,
			);
			path = TMRelearnModule;
			sourceTree = "<group>";
		};
		B00664A222FB24F000C56DD7 /* TMRelearnModule */ = {
			isa = PBXGroup;
			children = (
				CBBFB34122FC104300325246 /* TMRelearnListen */,
				CBBFB32A22FBAFDF00325246 /* TMRelearnSpeak */,
				B00664A322FB24F000C56DD7 /* TMRelearnModel */,
				B00664A622FB24F000C56DD7 /* TMRelearnWordsDetail */,
				B00664AD22FB24F100C56DD7 /* TMRelearnRequest */,
				B00664B022FB24F100C56DD7 /* TMRelearnList */,
				B00664B322FB24F100C56DD7 /* TMRelearnMacros.h */,
				B00664BC22FB25A600C56DD7 /* TMRelearnManager.h */,
				B00664BD22FB25A600C56DD7 /* TMRelearnManager.m */,
				B00664C222FB3AC500C56DD7 /* UIImage+TMResource.h */,
				B00664C322FB3AC500C56DD7 /* UIImage+TMResource.m */,
				B00664BF22FB2FC500C56DD7 /* TMRelearnBaseViewController.h */,
				B00664C022FB2FC500C56DD7 /* TMRelearnBaseViewController.m */,
			);
			path = TMRelearnModule;
			sourceTree = "<group>";
		};
		B00664A322FB24F000C56DD7 /* TMRelearnModel */ = {
			isa = PBXGroup;
			children = (
				B00664A422FB24F000C56DD7 /* TMRelearnKnowledgeModel.h */,
				B00664A522FB24F000C56DD7 /* TMRelearnKnowledgeModel.m */,
			);
			path = TMRelearnModel;
			sourceTree = "<group>";
		};
		B00664A622FB24F000C56DD7 /* TMRelearnWordsDetail */ = {
			isa = PBXGroup;
			children = (
				B00664AB22FB24F100C56DD7 /* TMRelearnWordsDetailCell.h */,
				B00664A722FB24F000C56DD7 /* TMRelearnWordsDetailCell.m */,
				B00664AA22FB24F100C56DD7 /* TMRelearnWordsDetailHeaderView.h */,
				B00664A822FB24F000C56DD7 /* TMRelearnWordsDetailHeaderView.m */,
				B00664AC22FB24F100C56DD7 /* TMRelearnWordsDetailViewController.h */,
				B00664A922FB24F000C56DD7 /* TMRelearnWordsDetailViewController.m */,
			);
			path = TMRelearnWordsDetail;
			sourceTree = "<group>";
		};
		B00664AD22FB24F100C56DD7 /* TMRelearnRequest */ = {
			isa = PBXGroup;
			children = (
				B00664AF22FB24F100C56DD7 /* TMRelearnRequest.h */,
				B00664AE22FB24F100C56DD7 /* TMRelearnRequest.m */,
			);
			path = TMRelearnRequest;
			sourceTree = "<group>";
		};
		B00664B022FB24F100C56DD7 /* TMRelearnList */ = {
			isa = PBXGroup;
			children = (
				B00664B222FB24F100C56DD7 /* TMRelearnWordsListViewController.h */,
				B00664B122FB24F100C56DD7 /* TMRelearnWordsListViewController.m */,
				CBBFB32722FBA91E00325246 /* TMRelearnWordsListFooterView.h */,
				CBBFB32822FBA91E00325246 /* TMRelearnWordsListFooterView.m */,
			);
			path = TMRelearnList;
			sourceTree = "<group>";
		};
		CBBFB32A22FBAFDF00325246 /* TMRelearnSpeak */ = {
			isa = PBXGroup;
			children = (
				CBBFB32B22FBB00900325246 /* TMRelearnSpeakViewController.h */,
				CBBFB32C22FBB00900325246 /* TMRelearnSpeakViewController.m */,
				CBBFB33122FBC5F900325246 /* TMRelearnSpeakManager.h */,
				CBBFB33222FBC5F900325246 /* TMRelearnSpeakManager.m */,
				CBBFB33722FBE2A700325246 /* TMRelearnDisplayLink.h */,
				CBBFB33822FBE2A700325246 /* TMRelearnDisplayLink.m */,
				CBBFB32E22FBB16300325246 /* TMRelearnSpeakCell.h */,
				CBBFB32F22FBB16300325246 /* TMRelearnSpeakCell.m */,
				CBBFB33422FBCC2500325246 /* TMRelearnSpeakFooterView.h */,
				CBBFB33522FBCC2500325246 /* TMRelearnSpeakFooterView.m */,
				CBBFB33A22FBF45500325246 /* TMRelearnSpeakTipsAlertView.h */,
				CBBFB33B22FBF45500325246 /* TMRelearnSpeakTipsAlertView.m */,
				CBBFB33D22FBFCB000325246 /* TMRelearnAlertView.h */,
				CBBFB33E22FBFCB000325246 /* TMRelearnAlertView.m */,
			);
			path = TMRelearnSpeak;
			sourceTree = "<group>";
		};
		CBBFB34122FC104300325246 /* TMRelearnListen */ = {
			isa = PBXGroup;
			children = (
				CBBFB35722FC3B9800325246 /* TMRelearnResult */,
				CBBFB34222FC106C00325246 /* TMRelearnListenViewController.h */,
				CBBFB34322FC106C00325246 /* TMRelearnListenViewController.m */,
				CBBFB34522FC13B700325246 /* TMRelearnListenFooterView.h */,
				CBBFB34622FC13B700325246 /* TMRelearnListenFooterView.m */,
				CBBFB34822FC15F200325246 /* TMRelearnListenCell.h */,
				CBBFB34922FC15F200325246 /* TMRelearnListenCell.m */,
				CBBFB34B22FC171300325246 /* TMRelearnListenCountDownView.h */,
				CBBFB34C22FC171300325246 /* TMRelearnListenCountDownView.m */,
			);
			path = TMRelearnListen;
			sourceTree = "<group>";
		};
		CBBFB35722FC3B9800325246 /* TMRelearnResult */ = {
			isa = PBXGroup;
			children = (
				CBBFB35822FC3C6300325246 /* TMRelearnResultViewController.h */,
				CBBFB35922FC3C6300325246 /* TMRelearnResultViewController.m */,
				CBBFB35B22FC422800325246 /* TMRelearnResultDetailViewController.h */,
				CBBFB35C22FC422800325246 /* TMRelearnResultDetailViewController.m */,
				CBBFB35E22FC426000325246 /* TMRelearnResultDetailFooterView.h */,
				CBBFB35F22FC426000325246 /* TMRelearnResultDetailFooterView.m */,
				CBBFB36122FC42AD00325246 /* TMRelearnResultDetailCell.h */,
				CBBFB36222FC42AD00325246 /* TMRelearnResultDetailCell.m */,
			);
			path = TMRelearnResult;
			sourceTree = "<group>";
		};
		E9ED5905C6AD740B0FB6C64E /* Frameworks */ = {
			isa = PBXGroup;
			children = (
				2D7F920B5E606B263109671E /* Pods_TMRelearnModule.framework */,
			);
			name = Frameworks;
			sourceTree = "<group>";
		};
/* End PBXGroup section */

/* Begin PBXNativeTarget section */
		B006646922FB249600C56DD7 /* TMRelearnModule */ = {
			isa = PBXNativeTarget;
			buildConfigurationList = B006648022FB249800C56DD7 /* Build configuration list for PBXNativeTarget "TMRelearnModule" */;
			buildPhases = (
				CDD7024DF765CFFDA3ADB56F /* [CP] Check Pods Manifest.lock */,
				B006646622FB249600C56DD7 /* Sources */,
				B006646722FB249600C56DD7 /* Frameworks */,
				B006646822FB249600C56DD7 /* Resources */,
				E95035FDC055984FB4124AE7 /* [CP] Embed Pods Frameworks */,
			);
			buildRules = (
			);
			dependencies = (
			);
			name = TMRelearnModule;
			productName = TMRelearnModule;
			productReference = B006646A22FB249600C56DD7 /* TMRelearnModule.app */;
			productType = "com.apple.product-type.application";
		};
/* End PBXNativeTarget section */

/* Begin PBXProject section */
		B006646222FB249600C56DD7 /* Project object */ = {
			isa = PBXProject;
			attributes = {
				LastUpgradeCheck = 1030;
				ORGANIZATIONNAME = GUI;
				TargetAttributes = {
					B006646922FB249600C56DD7 = {
						CreatedOnToolsVersion = 10.3;
					};
				};
			};
			buildConfigurationList = B006646522FB249600C56DD7 /* Build configuration list for PBXProject "TMRelearnModule" */;
			compatibilityVersion = "Xcode 9.3";
			developmentRegion = en;
			hasScannedForEncodings = 0;
			knownRegions = (
				en,
				Base,
			);
			mainGroup = B006646122FB249600C56DD7;
			productRefGroup = B006646B22FB249600C56DD7 /* Products */;
			projectDirPath = "";
			projectRoot = "";
			targets = (
				B006646922FB249600C56DD7 /* TMRelearnModule */,
			);
		};
/* End PBXProject section */

/* Begin PBXResourcesBuildPhase section */
		B006646822FB249600C56DD7 /* Resources */ = {
			isa = PBXResourcesBuildPhase;
			buildActionMask = 2147483647;
			files = (
				B006647A22FB249800C56DD7 /* LaunchScreen.storyboard in Resources */,
				B006647722FB249800C56DD7 /* Assets.xcassets in Resources */,
				B00664BB22FB24FA00C56DD7 /* DataSource.json in Resources */,
				B006647522FB249600C56DD7 /* Main.storyboard in Resources */,
				CBBFB32622FBA4DB00325246 /* TMRelearnModule.bundle in Resources */,
			);
			runOnlyForDeploymentPostprocessing = 0;
		};
/* End PBXResourcesBuildPhase section */

/* Begin PBXShellScriptBuildPhase section */
		CDD7024DF765CFFDA3ADB56F /* [CP] Check Pods Manifest.lock */ = {
			isa = PBXShellScriptBuildPhase;
			buildActionMask = 2147483647;
			files = (
			);
			inputFileListPaths = (
			);
			inputPaths = (
				"${PODS_PODFILE_DIR_PATH}/Podfile.lock",
				"${PODS_ROOT}/Manifest.lock",
			);
			name = "[CP] Check Pods Manifest.lock";
			outputFileListPaths = (
			);
			outputPaths = (
				"$(DERIVED_FILE_DIR)/Pods-TMRelearnModule-checkManifestLockResult.txt",
			);
			runOnlyForDeploymentPostprocessing = 0;
			shellPath = /bin/sh;
			shellScript = "diff \"${PODS_PODFILE_DIR_PATH}/Podfile.lock\" \"${PODS_ROOT}/Manifest.lock\" > /dev/null\nif [ $? != 0 ] ; then\n    # print error to STDERR\n    echo \"error: The sandbox is not in sync with the Podfile.lock. Run 'pod install' or update your CocoaPods installation.\" >&2\n    exit 1\nfi\n# This output is used by Xcode 'outputs' to avoid re-running this script phase.\necho \"SUCCESS\" > \"${SCRIPT_OUTPUT_FILE_0}\"\n";
			showEnvVarsInLog = 0;
		};
		E95035FDC055984FB4124AE7 /* [CP] Embed Pods Frameworks */ = {
			isa = PBXShellScriptBuildPhase;
			buildActionMask = 2147483647;
			files = (
			);
			inputFileListPaths = (
				"${PODS_ROOT}/Target Support Files/Pods-TMRelearnModule/Pods-TMRelearnModule-frameworks-${CONFIGURATION}-input-files.xcfilelist",
			);
			name = "[CP] Embed Pods Frameworks";
			outputFileListPaths = (
				"${PODS_ROOT}/Target Support Files/Pods-TMRelearnModule/Pods-TMRelearnModule-frameworks-${CONFIGURATION}-output-files.xcfilelist",
			);
			runOnlyForDeploymentPostprocessing = 0;
			shellPath = /bin/sh;
			shellScript = "\"${PODS_ROOT}/Target Support Files/Pods-TMRelearnModule/Pods-TMRelearnModule-frameworks.sh\"\n";
			showEnvVarsInLog = 0;
		};
/* End PBXShellScriptBuildPhase section */

/* Begin PBXSourcesBuildPhase section */
		B006646622FB249600C56DD7 /* Sources */ = {
			isa = PBXSourcesBuildPhase;
			buildActionMask = 2147483647;
			files = (
				CBBFB33F22FBFCB000325246 /* TMRelearnAlertView.m in Sources */,
				CBBFB32922FBA91E00325246 /* TMRelearnWordsListFooterView.m in Sources */,
				CBBFB36322FC42AD00325246 /* TMRelearnResultDetailCell.m in Sources */,
				CBBFB35A22FC3C6300325246 /* TMRelearnResultViewController.m in Sources */,
				CBBFB33C22FBF45500325246 /* TMRelearnSpeakTipsAlertView.m in Sources */,
				B00664C422FB3AC500C56DD7 /* UIImage+TMResource.m in Sources */,
				B00664B822FB24F100C56DD7 /* TMRelearnRequest.m in Sources */,
				B00664B922FB24F100C56DD7 /* TMRelearnWordsListViewController.m in Sources */,
				B00664C122FB2FC500C56DD7 /* TMRelearnBaseViewController.m in Sources */,
				CBBFB34422FC106C00325246 /* TMRelearnListenViewController.m in Sources */,
				B00664B622FB24F100C56DD7 /* TMRelearnWordsDetailHeaderView.m in Sources */,
				CBBFB32D22FBB00900325246 /* TMRelearnSpeakViewController.m in Sources */,
				B006647222FB249600C56DD7 /* ViewController.m in Sources */,
				CBBFB34722FC13B700325246 /* TMRelearnListenFooterView.m in Sources */,
				B00664BE22FB25A600C56DD7 /* TMRelearnManager.m in Sources */,
				B006647D22FB249800C56DD7 /* main.m in Sources */,
				CBBFB36022FC426000325246 /* TMRelearnResultDetailFooterView.m in Sources */,
				B006646F22FB249600C56DD7 /* AppDelegate.m in Sources */,
				CBBFB33322FBC5F900325246 /* TMRelearnSpeakManager.m in Sources */,
				CBBFB33022FBB16300325246 /* TMRelearnSpeakCell.m in Sources */,
				B00664B422FB24F100C56DD7 /* TMRelearnKnowledgeModel.m in Sources */,
				CBBFB35D22FC422800325246 /* TMRelearnResultDetailViewController.m in Sources */,
				B00664B522FB24F100C56DD7 /* TMRelearnWordsDetailCell.m in Sources */,
				CBBFB34A22FC15F200325246 /* TMRelearnListenCell.m in Sources */,
				CBBFB33922FBE2A700325246 /* TMRelearnDisplayLink.m in Sources */,
				CBBFB33622FBCC2500325246 /* TMRelearnSpeakFooterView.m in Sources */,
				CBBFB34D22FC171300325246 /* TMRelearnListenCountDownView.m in Sources */,
				B00664B722FB24F100C56DD7 /* TMRelearnWordsDetailViewController.m in Sources */,
			);
			runOnlyForDeploymentPostprocessing = 0;
		};
/* End PBXSourcesBuildPhase section */

/* Begin PBXVariantGroup section */
		B006647322FB249600C56DD7 /* Main.storyboard */ = {
			isa = PBXVariantGroup;
			children = (
				B006647422FB249600C56DD7 /* Base */,
			);
			name = Main.storyboard;
			sourceTree = "<group>";
		};
		B006647822FB249800C56DD7 /* LaunchScreen.storyboard */ = {
			isa = PBXVariantGroup;
			children = (
				B006647922FB249800C56DD7 /* Base */,
			);
			name = LaunchScreen.storyboard;
			sourceTree = "<group>";
		};
/* End PBXVariantGroup section */

/* Begin XCBuildConfiguration section */
		B006647E22FB249800C56DD7 /* Debug */ = {
			isa = XCBuildConfiguration;
			buildSettings = {
				ALWAYS_SEARCH_USER_PATHS = NO;
				CLANG_ANALYZER_NONNULL = YES;
				CLANG_ANALYZER_NUMBER_OBJECT_CONVERSION = YES_AGGRESSIVE;
				CLANG_CXX_LANGUAGE_STANDARD = "gnu++14";
				CLANG_CXX_LIBRARY = "libc++";
				CLANG_ENABLE_MODULES = YES;
				CLANG_ENABLE_OBJC_ARC = YES;
				CLANG_ENABLE_OBJC_WEAK = YES;
				CLANG_WARN_BLOCK_CAPTURE_AUTORELEASING = YES;
				CLANG_WARN_BOOL_CONVERSION = YES;
				CLANG_WARN_COMMA = YES;
				CLANG_WARN_CONSTANT_CONVERSION = YES;
				CLANG_WARN_DEPRECATED_OBJC_IMPLEMENTATIONS = YES;
				CLANG_WARN_DIRECT_OBJC_ISA_USAGE = YES_ERROR;
				CLANG_WARN_DOCUMENTATION_COMMENTS = YES;
				CLANG_WARN_EMPTY_BODY = YES;
				CLANG_WARN_ENUM_CONVERSION = YES;
				CLANG_WARN_INFINITE_RECURSION = YES;
				CLANG_WARN_INT_CONVERSION = YES;
				CLANG_WARN_NON_LITERAL_NULL_CONVERSION = YES;
				CLANG_WARN_OBJC_IMPLICIT_RETAIN_SELF = YES;
				CLANG_WARN_OBJC_LITERAL_CONVERSION = YES;
				CLANG_WARN_OBJC_ROOT_CLASS = YES_ERROR;
				CLANG_WARN_RANGE_LOOP_ANALYSIS = YES;
				CLANG_WARN_STRICT_PROTOTYPES = YES;
				CLANG_WARN_SUSPICIOUS_MOVE = YES;
				CLANG_WARN_UNGUARDED_AVAILABILITY = YES_AGGRESSIVE;
				CLANG_WARN_UNREACHABLE_CODE = YES;
				CLANG_WARN__DUPLICATE_METHOD_MATCH = YES;
				CODE_SIGN_IDENTITY = "iPhone Developer";
				COPY_PHASE_STRIP = NO;
				DEBUG_INFORMATION_FORMAT = dwarf;
				ENABLE_STRICT_OBJC_MSGSEND = YES;
				ENABLE_TESTABILITY = YES;
				GCC_C_LANGUAGE_STANDARD = gnu11;
				GCC_DYNAMIC_NO_PIC = NO;
				GCC_NO_COMMON_BLOCKS = YES;
				GCC_OPTIMIZATION_LEVEL = 0;
				GCC_PREPROCESSOR_DEFINITIONS = (
					"DEBUG=1",
					"$(inherited)",
				);
				GCC_WARN_64_TO_32_BIT_CONVERSION = YES;
				GCC_WARN_ABOUT_RETURN_TYPE = YES_ERROR;
				GCC_WARN_UNDECLARED_SELECTOR = YES;
				GCC_WARN_UNINITIALIZED_AUTOS = YES_AGGRESSIVE;
				GCC_WARN_UNUSED_FUNCTION = YES;
				GCC_WARN_UNUSED_VARIABLE = YES;
				IPHONEOS_DEPLOYMENT_TARGET = 12.4;
				MTL_ENABLE_DEBUG_INFO = INCLUDE_SOURCE;
				MTL_FAST_MATH = YES;
				ONLY_ACTIVE_ARCH = YES;
				SDKROOT = iphoneos;
			};
			name = Debug;
		};
		B006647F22FB249800C56DD7 /* Release */ = {
			isa = XCBuildConfiguration;
			buildSettings = {
				ALWAYS_SEARCH_USER_PATHS = NO;
				CLANG_ANALYZER_NONNULL = YES;
				CLANG_ANALYZER_NUMBER_OBJECT_CONVERSION = YES_AGGRESSIVE;
				CLANG_CXX_LANGUAGE_STANDARD = "gnu++14";
				CLANG_CXX_LIBRARY = "libc++";
				CLANG_ENABLE_MODULES = YES;
				CLANG_ENABLE_OBJC_ARC = YES;
				CLANG_ENABLE_OBJC_WEAK = YES;
				CLANG_WARN_BLOCK_CAPTURE_AUTORELEASING = YES;
				CLANG_WARN_BOOL_CONVERSION = YES;
				CLANG_WARN_COMMA = YES;
				CLANG_WARN_CONSTANT_CONVERSION = YES;
				CLANG_WARN_DEPRECATED_OBJC_IMPLEMENTATIONS = YES;
				CLANG_WARN_DIRECT_OBJC_ISA_USAGE = YES_ERROR;
				CLANG_WARN_DOCUMENTATION_COMMENTS = YES;
				CLANG_WARN_EMPTY_BODY = YES;
				CLANG_WARN_ENUM_CONVERSION = YES;
				CLANG_WARN_INFINITE_RECURSION = YES;
				CLANG_WARN_INT_CONVERSION = YES;
				CLANG_WARN_NON_LITERAL_NULL_CONVERSION = YES;
				CLANG_WARN_OBJC_IMPLICIT_RETAIN_SELF = YES;
				CLANG_WARN_OBJC_LITERAL_CONVERSION = YES;
				CLANG_WARN_OBJC_ROOT_CLASS = YES_ERROR;
				CLANG_WARN_RANGE_LOOP_ANALYSIS = YES;
				CLANG_WARN_STRICT_PROTOTYPES = YES;
				CLANG_WARN_SUSPICIOUS_MOVE = YES;
				CLANG_WARN_UNGUARDED_AVAILABILITY = YES_AGGRESSIVE;
				CLANG_WARN_UNREACHABLE_CODE = YES;
				CLANG_WARN__DUPLICATE_METHOD_MATCH = YES;
				CODE_SIGN_IDENTITY = "iPhone Developer";
				COPY_PHASE_STRIP = NO;
				DEBUG_INFORMATION_FORMAT = "dwarf-with-dsym";
				ENABLE_NS_ASSERTIONS = NO;
				ENABLE_STRICT_OBJC_MSGSEND = YES;
				GCC_C_LANGUAGE_STANDARD = gnu11;
				GCC_NO_COMMON_BLOCKS = YES;
				GCC_WARN_64_TO_32_BIT_CONVERSION = YES;
				GCC_WARN_ABOUT_RETURN_TYPE = YES_ERROR;
				GCC_WARN_UNDECLARED_SELECTOR = YES;
				GCC_WARN_UNINITIALIZED_AUTOS = YES_AGGRESSIVE;
				GCC_WARN_UNUSED_FUNCTION = YES;
				GCC_WARN_UNUSED_VARIABLE = YES;
				IPHONEOS_DEPLOYMENT_TARGET = 12.4;
				MTL_ENABLE_DEBUG_INFO = NO;
				MTL_FAST_MATH = YES;
				SDKROOT = iphoneos;
				VALIDATE_PRODUCT = YES;
			};
			name = Release;
		};
		B006648122FB249800C56DD7 /* Debug */ = {
			isa = XCBuildConfiguration;
			baseConfigurationReference = E26B3804C0C4D780A2651384 /* Pods-TMRelearnModule.debug.xcconfig */;
			buildSettings = {
				ASSETCATALOG_COMPILER_APPICON_NAME = AppIcon;
				CODE_SIGN_STYLE = Automatic;
				DEVELOPMENT_TEAM = Z35S33J39R;
				INFOPLIST_FILE = TMRelearnModule/Info.plist;
				IPHONEOS_DEPLOYMENT_TARGET = 9.0;
				LD_RUNPATH_SEARCH_PATHS = (
					"$(inherited)",
					"@executable_path/Frameworks",
				);
				PRODUCT_BUNDLE_IDENTIFIER = com.GUI.TMRelearnModule;
				PRODUCT_NAME = "$(TARGET_NAME)";
				TARGETED_DEVICE_FAMILY = "1,2";
			};
			name = Debug;
		};
		B006648222FB249800C56DD7 /* Release */ = {
			isa = XCBuildConfiguration;
			baseConfigurationReference = 9951156FA86019D34999DD06 /* Pods-TMRelearnModule.release.xcconfig */;
			buildSettings = {
				ASSETCATALOG_COMPILER_APPICON_NAME = AppIcon;
				CODE_SIGN_STYLE = Automatic;
				DEVELOPMENT_TEAM = Z35S33J39R;
				INFOPLIST_FILE = TMRelearnModule/Info.plist;
				IPHONEOS_DEPLOYMENT_TARGET = 9.0;
				LD_RUNPATH_SEARCH_PATHS = (
					"$(inherited)",
					"@executable_path/Frameworks",
				);
				PRODUCT_BUNDLE_IDENTIFIER = com.GUI.TMRelearnModule;
				PRODUCT_NAME = "$(TARGET_NAME)";
				TARGETED_DEVICE_FAMILY = "1,2";
			};
			name = Release;
		};
/* End XCBuildConfiguration section */

/* Begin XCConfigurationList section */
		B006646522FB249600C56DD7 /* Build configuration list for PBXProject "TMRelearnModule" */ = {
			isa = XCConfigurationList;
			buildConfigurations = (
				B006647E22FB249800C56DD7 /* Debug */,
				B006647F22FB249800C56DD7 /* Release */,
			);
			defaultConfigurationIsVisible = 0;
			defaultConfigurationName = Release;
		};
		B006648022FB249800C56DD7 /* Build configuration list for PBXNativeTarget "TMRelearnModule" */ = {
			isa = XCConfigurationList;
			buildConfigurations = (
				B006648122FB249800C56DD7 /* Debug */,
				B006648222FB249800C56DD7 /* Release */,
			);
			defaultConfigurationIsVisible = 0;
			defaultConfigurationName = Release;
		};
/* End XCConfigurationList section */
	};
	rootObject = B006646222FB249600C56DD7 /* Project object */;
}
