// !$*UTF8*$!
{
	archiveVersion = 1;
	classes = {
	};
	objectVersion = 50;
	objects = {

/* Begin PBXBuildFile section */
		B006644822FB244F00C56DD7 /* AFNetworking.framework in Frameworks */ = {isa = PBXBuildFile; fileRef = B006644722FB244F00C56DD7 /* AFNetworking.framework */; };
		B006644A22FB244F00C56DD7 /* MarqueeLabel.framework in Frameworks */ = {isa = PBXBuildFile; fileRef = B006644922FB244F00C56DD7 /* MarqueeLabel.framework */; };
		B006644C22FB244F00C56DD7 /* Masonry.framework in Frameworks */ = {isa = PBXBuildFile; fileRef = B006644B22FB244F00C56DD7 /* Masonry.framework */; };
		B006644E22FB244F00C56DD7 /* MJExtension.framework in Frameworks */ = {isa = PBXBuildFile; fileRef = B006644D22FB244F00C56DD7 /* MJExtension.framework */; };
		B006645022FB244F00C56DD7 /* MJRefresh.framework in Frameworks */ = {isa = PBXBuildFile; fileRef = B006644F22FB244F00C56DD7 /* MJRefresh.framework */; };
		B006645222FB244F00C56DD7 /* Pods_TMRelearnModule_Example.framework in Frameworks */ = {isa = PBXBuildFile; fileRef = B006645122FB244F00C56DD7 /* Pods_TMRelearnModule_Example.framework */; };
		B006645422FB244F00C56DD7 /* Pods_TMRelearnModuleFramework.framework in Frameworks */ = {isa = PBXBuildFile; fileRef = B006645322FB244F00C56DD7 /* Pods_TMRelearnModuleFramework.framework */; };
		B006645622FB244F00C56DD7 /* Reachability.framework in Frameworks */ = {isa = PBXBuildFile; fileRef = B006645522FB244F00C56DD7 /* Reachability.framework */; };
		B006645822FB244F00C56DD7 /* SGTools.framework in Frameworks */ = {isa = PBXBuildFile; fileRef = B006645722FB244F00C56DD7 /* SGTools.framework */; };
		B006645A22FB244F00C56DD7 /* TFHpple.framework in Frameworks */ = {isa = PBXBuildFile; fileRef = B006645922FB244F00C56DD7 /* TFHpple.framework */; };
		B006645C22FB244F00C56DD7 /* TMRelearnModule.framework in Frameworks */ = {isa = PBXBuildFile; fileRef = B006645B22FB244F00C56DD7 /* TMRelearnModule.framework */; };
		B006645E22FB244F00C56DD7 /* YJExtensions.framework in Frameworks */ = {isa = PBXBuildFile; fileRef = B006645D22FB244F00C56DD7 /* YJExtensions.framework */; };
		B006646022FB244F00C56DD7 /* YJNetManager.framework in Frameworks */ = {isa = PBXBuildFile; fileRef = B006645F22FB244F00C56DD7 /* YJNetManager.framework */; };
		B006649522FB24CA00C56DD7 /* TMRelearnKnowledgeModel.h in Headers */ = {isa = PBXBuildFile; fileRef = B006648522FB24CA00C56DD7 /* TMRelearnKnowledgeModel.h */; };
		B006649622FB24CA00C56DD7 /* TMRelearnKnowledgeModel.m in Sources */ = {isa = PBXBuildFile; fileRef = B006648622FB24CA00C56DD7 /* TMRelearnKnowledgeModel.m */; };
		B006649722FB24CA00C56DD7 /* TMRelearnWordsDetailCell.m in Sources */ = {isa = PBXBuildFile; fileRef = B006648822FB24CA00C56DD7 /* TMRelearnWordsDetailCell.m */; };
		B006649822FB24CA00C56DD7 /* TMRelearnWordsDetailHeaderView.m in Sources */ = {isa = PBXBuildFile; fileRef = B006648922FB24CA00C56DD7 /* TMRelearnWordsDetailHeaderView.m */; };
		B006649922FB24CA00C56DD7 /* TMRelearnWordsDetailViewController.m in Sources */ = {isa = PBXBuildFile; fileRef = B006648A22FB24CA00C56DD7 /* TMRelearnWordsDetailViewController.m */; };
		B006649A22FB24CA00C56DD7 /* TMRelearnWordsDetailHeaderView.h in Headers */ = {isa = PBXBuildFile; fileRef = B006648B22FB24CA00C56DD7 /* TMRelearnWordsDetailHeaderView.h */; };
		B006649B22FB24CA00C56DD7 /* TMRelearnWordsDetailCell.h in Headers */ = {isa = PBXBuildFile; fileRef = B006648C22FB24CA00C56DD7 /* TMRelearnWordsDetailCell.h */; };
		B006649C22FB24CA00C56DD7 /* TMRelearnWordsDetailViewController.h in Headers */ = {isa = PBXBuildFile; fileRef = B006648D22FB24CA00C56DD7 /* TMRelearnWordsDetailViewController.h */; };
		B006649D22FB24CA00C56DD7 /* TMRelearnRequest.m in Sources */ = {isa = PBXBuildFile; fileRef = B006648F22FB24CA00C56DD7 /* TMRelearnRequest.m */; };
		B006649E22FB24CA00C56DD7 /* TMRelearnRequest.h in Headers */ = {isa = PBXBuildFile; fileRef = B006649022FB24CA00C56DD7 /* TMRelearnRequest.h */; };
		B006649F22FB24CA00C56DD7 /* TMRelearnWordsListViewController.m in Sources */ = {isa = PBXBuildFile; fileRef = B006649222FB24CA00C56DD7 /* TMRelearnWordsListViewController.m */; };
		B00664A022FB24CA00C56DD7 /* TMRelearnWordsListViewController.h in Headers */ = {isa = PBXBuildFile; fileRef = B006649322FB24CA00C56DD7 /* TMRelearnWordsListViewController.h */; };
		B00664A122FB24CA00C56DD7 /* TMRelearnMacros.h in Headers */ = {isa = PBXBuildFile; fileRef = B006649422FB24CA00C56DD7 /* TMRelearnMacros.h */; };
		CB3CAFB622F84AE70020EF8B /* TMRelearnModuleFramework.h in Headers */ = {isa = PBXBuildFile; fileRef = CB3CAFB422F84AE70020EF8B /* TMRelearnModuleFramework.h */; settings = {ATTRIBUTES = (Public, ); }; };
		CB3CAFC722F84AF40020EF8B /* TMRelearnManager.h in Headers */ = {isa = PBXBuildFile; fileRef = CB3CAFBF22F84AF40020EF8B /* TMRelearnManager.h */; settings = {ATTRIBUTES = (Public, ); }; };
		CB3CAFCB22F84AF40020EF8B /* TMRelearnManager.m in Sources */ = {isa = PBXBuildFile; fileRef = CB3CAFC322F84AF40020EF8B /* TMRelearnManager.m */; };
/* End PBXBuildFile section */

/* Begin PBXFileReference section */
		88A22FA2E78476EB44791E24 /* Pods_TMRelearnModuleFramework.framework */ = {isa = PBXFileReference; explicitFileType = wrapper.framework; includeInIndex = 0; path = Pods_TMRelearnModuleFramework.framework; sourceTree = BUILT_PRODUCTS_DIR; };
		B006644722FB244F00C56DD7 /* AFNetworking.framework */ = {isa = PBXFileReference; explicitFileType = wrapper.framework; path = AFNetworking.framework; sourceTree = BUILT_PRODUCTS_DIR; };
		B006644922FB244F00C56DD7 /* MarqueeLabel.framework */ = {isa = PBXFileReference; explicitFileType = wrapper.framework; path = MarqueeLabel.framework; sourceTree = BUILT_PRODUCTS_DIR; };
		B006644B22FB244F00C56DD7 /* Masonry.framework */ = {isa = PBXFileReference; explicitFileType = wrapper.framework; path = Masonry.framework; sourceTree = BUILT_PRODUCTS_DIR; };
		B006644D22FB244F00C56DD7 /* MJExtension.framework */ = {isa = PBXFileReference; explicitFileType = wrapper.framework; path = MJExtension.framework; sourceTree = BUILT_PRODUCTS_DIR; };
		B006644F22FB244F00C56DD7 /* MJRefresh.framework */ = {isa = PBXFileReference; explicitFileType = wrapper.framework; path = MJRefresh.framework; sourceTree = BUILT_PRODUCTS_DIR; };
		B006645122FB244F00C56DD7 /* Pods_TMRelearnModule_Example.framework */ = {isa = PBXFileReference; explicitFileType = wrapper.framework; path = Pods_TMRelearnModule_Example.framework; sourceTree = BUILT_PRODUCTS_DIR; };
		B006645322FB244F00C56DD7 /* Pods_TMRelearnModuleFramework.framework */ = {isa = PBXFileReference; explicitFileType = wrapper.framework; path = Pods_TMRelearnModuleFramework.framework; sourceTree = BUILT_PRODUCTS_DIR; };
		B006645522FB244F00C56DD7 /* Reachability.framework */ = {isa = PBXFileReference; explicitFileType = wrapper.framework; path = Reachability.framework; sourceTree = BUILT_PRODUCTS_DIR; };
		B006645722FB244F00C56DD7 /* SGTools.framework */ = {isa = PBXFileReference; explicitFileType = wrapper.framework; path = SGTools.framework; sourceTree = BUILT_PRODUCTS_DIR; };
		B006645922FB244F00C56DD7 /* TFHpple.framework */ = {isa = PBXFileReference; explicitFileType = wrapper.framework; path = TFHpple.framework; sourceTree = BUILT_PRODUCTS_DIR; };
		B006645B22FB244F00C56DD7 /* TMRelearnModule.framework */ = {isa = PBXFileReference; explicitFileType = wrapper.framework; path = TMRelearnModule.framework; sourceTree = BUILT_PRODUCTS_DIR; };
		B006645D22FB244F00C56DD7 /* YJExtensions.framework */ = {isa = PBXFileReference; explicitFileType = wrapper.framework; path = YJExtensions.framework; sourceTree = BUILT_PRODUCTS_DIR; };
		B006645F22FB244F00C56DD7 /* YJNetManager.framework */ = {isa = PBXFileReference; explicitFileType = wrapper.framework; path = YJNetManager.framework; sourceTree = BUILT_PRODUCTS_DIR; };
		B006648522FB24CA00C56DD7 /* TMRelearnKnowledgeModel.h */ = {isa = PBXFileReference; fileEncoding = 4; lastKnownFileType = sourcecode.c.h; path = TMRelearnKnowledgeModel.h; sourceTree = "<group>"; };
		B006648622FB24CA00C56DD7 /* TMRelearnKnowledgeModel.m */ = {isa = PBXFileReference; fileEncoding = 4; lastKnownFileType = sourcecode.c.objc; path = TMRelearnKnowledgeModel.m; sourceTree = "<group>"; };
		B006648822FB24CA00C56DD7 /* TMRelearnWordsDetailCell.m */ = {isa = PBXFileReference; fileEncoding = 4; lastKnownFileType = sourcecode.c.objc; path = TMRelearnWordsDetailCell.m; sourceTree = "<group>"; };
		B006648922FB24CA00C56DD7 /* TMRelearnWordsDetailHeaderView.m */ = {isa = PBXFileReference; fileEncoding = 4; lastKnownFileType = sourcecode.c.objc; path = TMRelearnWordsDetailHeaderView.m; sourceTree = "<group>"; };
		B006648A22FB24CA00C56DD7 /* TMRelearnWordsDetailViewController.m */ = {isa = PBXFileReference; fileEncoding = 4; lastKnownFileType = sourcecode.c.objc; path = TMRelearnWordsDetailViewController.m; sourceTree = "<group>"; };
		B006648B22FB24CA00C56DD7 /* TMRelearnWordsDetailHeaderView.h */ = {isa = PBXFileReference; fileEncoding = 4; lastKnownFileType = sourcecode.c.h; path = TMRelearnWordsDetailHeaderView.h; sourceTree = "<group>"; };
		B006648C22FB24CA00C56DD7 /* TMRelearnWordsDetailCell.h */ = {isa = PBXFileReference; fileEncoding = 4; lastKnownFileType = sourcecode.c.h; path = TMRelearnWordsDetailCell.h; sourceTree = "<group>"; };
		B006648D22FB24CA00C56DD7 /* TMRelearnWordsDetailViewController.h */ = {isa = PBXFileReference; fileEncoding = 4; lastKnownFileType = sourcecode.c.h; path = TMRelearnWordsDetailViewController.h; sourceTree = "<group>"; };
		B006648F22FB24CA00C56DD7 /* TMRelearnRequest.m */ = {isa = PBXFileReference; fileEncoding = 4; lastKnownFileType = sourcecode.c.objc; path = TMRelearnRequest.m; sourceTree = "<group>"; };
		B006649022FB24CA00C56DD7 /* TMRelearnRequest.h */ = {isa = PBXFileReference; fileEncoding = 4; lastKnownFileType = sourcecode.c.h; path = TMRelearnRequest.h; sourceTree = "<group>"; };
		B006649222FB24CA00C56DD7 /* TMRelearnWordsListViewController.m */ = {isa = PBXFileReference; fileEncoding = 4; lastKnownFileType = sourcecode.c.objc; path = TMRelearnWordsListViewController.m; sourceTree = "<group>"; };
		B006649322FB24CA00C56DD7 /* TMRelearnWordsListViewController.h */ = {isa = PBXFileReference; fileEncoding = 4; lastKnownFileType = sourcecode.c.h; path = TMRelearnWordsListViewController.h; sourceTree = "<group>"; };
		B006649422FB24CA00C56DD7 /* TMRelearnMacros.h */ = {isa = PBXFileReference; fileEncoding = 4; lastKnownFileType = sourcecode.c.h; path = TMRelearnMacros.h; sourceTree = "<group>"; };
		BB3F5025ADD952F4A6D49D47 /* Pods-TMRelearnModuleFramework.release.xcconfig */ = {isa = PBXFileReference; includeInIndex = 1; lastKnownFileType = text.xcconfig; name = "Pods-TMRelearnModuleFramework.release.xcconfig"; path = "Target Support Files/Pods-TMRelearnModuleFramework/Pods-TMRelearnModuleFramework.release.xcconfig"; sourceTree = "<group>"; };
		CB3CAFB122F84AE70020EF8B /* TMRelearnModuleFramework.framework */ = {isa = PBXFileReference; explicitFileType = wrapper.framework; includeInIndex = 0; path = TMRelearnModuleFramework.framework; sourceTree = BUILT_PRODUCTS_DIR; };
		CB3CAFB422F84AE70020EF8B /* TMRelearnModuleFramework.h */ = {isa = PBXFileReference; lastKnownFileType = sourcecode.c.h; path = TMRelearnModuleFramework.h; sourceTree = "<group>"; };
		CB3CAFB522F84AE70020EF8B /* Info.plist */ = {isa = PBXFileReference; lastKnownFileType = text.plist.xml; path = Info.plist; sourceTree = "<group>"; };
		CB3CAFBF22F84AF40020EF8B /* TMRelearnManager.h */ = {isa = PBXFileReference; fileEncoding = 4; lastKnownFileType = sourcecode.c.h; path = TMRelearnManager.h; sourceTree = "<group>"; };
		CB3CAFC322F84AF40020EF8B /* TMRelearnManager.m */ = {isa = PBXFileReference; fileEncoding = 4; lastKnownFileType = sourcecode.c.objc; path = TMRelearnManager.m; sourceTree = "<group>"; };
		F1D650C933980B564F44FD37 /* Pods-TMRelearnModuleFramework.debug.xcconfig */ = {isa = PBXFileReference; includeInIndex = 1; lastKnownFileType = text.xcconfig; name = "Pods-TMRelearnModuleFramework.debug.xcconfig"; path = "Target Support Files/Pods-TMRelearnModuleFramework/Pods-TMRelearnModuleFramework.debug.xcconfig"; sourceTree = "<group>"; };
/* End PBXFileReference section */

/* Begin PBXFrameworksBuildPhase section */
		CB3CAFAE22F84AE70020EF8B /* Frameworks */ = {
			isa = PBXFrameworksBuildPhase;
			buildActionMask = 2147483647;
			files = (
				B006644822FB244F00C56DD7 /* AFNetworking.framework in Frameworks */,
				B006644A22FB244F00C56DD7 /* MarqueeLabel.framework in Frameworks */,
				B006644C22FB244F00C56DD7 /* Masonry.framework in Frameworks */,
				B006644E22FB244F00C56DD7 /* MJExtension.framework in Frameworks */,
				B006645022FB244F00C56DD7 /* MJRefresh.framework in Frameworks */,
				B006645222FB244F00C56DD7 /* Pods_TMRelearnModule_Example.framework in Frameworks */,
				B006645422FB244F00C56DD7 /* Pods_TMRelearnModuleFramework.framework in Frameworks */,
				B006645622FB244F00C56DD7 /* Reachability.framework in Frameworks */,
				B006645822FB244F00C56DD7 /* SGTools.framework in Frameworks */,
				B006645A22FB244F00C56DD7 /* TFHpple.framework in Frameworks */,
				B006645C22FB244F00C56DD7 /* TMRelearnModule.framework in Frameworks */,
				B006645E22FB244F00C56DD7 /* YJExtensions.framework in Frameworks */,
				B006646022FB244F00C56DD7 /* YJNetManager.framework in Frameworks */,
			);
			runOnlyForDeploymentPostprocessing = 0;
		};
/* End PBXFrameworksBuildPhase section */

/* Begin PBXGroup section */
		93C1B78E8831D11C314A434E /* Frameworks */ = {
			isa = PBXGroup;
			children = (
				B006644722FB244F00C56DD7 /* AFNetworking.framework */,
				B006644922FB244F00C56DD7 /* MarqueeLabel.framework */,
				B006644B22FB244F00C56DD7 /* Masonry.framework */,
				B006644D22FB244F00C56DD7 /* MJExtension.framework */,
				B006644F22FB244F00C56DD7 /* MJRefresh.framework */,
				B006645122FB244F00C56DD7 /* Pods_TMRelearnModule_Example.framework */,
				B006645322FB244F00C56DD7 /* Pods_TMRelearnModuleFramework.framework */,
				B006645522FB244F00C56DD7 /* Reachability.framework */,
				B006645722FB244F00C56DD7 /* SGTools.framework */,
				B006645922FB244F00C56DD7 /* TFHpple.framework */,
				B006645B22FB244F00C56DD7 /* TMRelearnModule.framework */,
				B006645D22FB244F00C56DD7 /* YJExtensions.framework */,
				B006645F22FB244F00C56DD7 /* YJNetManager.framework */,
				88A22FA2E78476EB44791E24 /* Pods_TMRelearnModuleFramework.framework */,
			);
			name = Frameworks;
			sourceTree = "<group>";
		};
		B006648322FB24CA00C56DD7 /* TMRelearnModule */ = {
			isa = PBXGroup;
			children = (
				B006648422FB24CA00C56DD7 /* TMRelearnModel */,
				B006648722FB24CA00C56DD7 /* TMRelearnWordsDetail */,
				B006648E22FB24CA00C56DD7 /* TMRelearnRequest */,
				B006649122FB24CA00C56DD7 /* TMRelearnList */,
				B006649422FB24CA00C56DD7 /* TMRelearnMacros.h */,
			);
			name = TMRelearnModule;
			path = ../../../../../../.Trash/TMRelearnModule;
			sourceTree = "<group>";
		};
		B006648422FB24CA00C56DD7 /* TMRelearnModel */ = {
			isa = PBXGroup;
			children = (
				B006648522FB24CA00C56DD7 /* TMRelearnKnowledgeModel.h */,
				B006648622FB24CA00C56DD7 /* TMRelearnKnowledgeModel.m */,
			);
			path = TMRelearnModel;
			sourceTree = "<group>";
		};
		B006648722FB24CA00C56DD7 /* TMRelearnWordsDetail */ = {
			isa = PBXGroup;
			children = (
				B006648C22FB24CA00C56DD7 /* TMRelearnWordsDetailCell.h */,
				B006648822FB24CA00C56DD7 /* TMRelearnWordsDetailCell.m */,
				B006648B22FB24CA00C56DD7 /* TMRelearnWordsDetailHeaderView.h */,
				B006648922FB24CA00C56DD7 /* TMRelearnWordsDetailHeaderView.m */,
				B006648D22FB24CA00C56DD7 /* TMRelearnWordsDetailViewController.h */,
				B006648A22FB24CA00C56DD7 /* TMRelearnWordsDetailViewController.m */,
			);
			path = TMRelearnWordsDetail;
			sourceTree = "<group>";
		};
		B006648E22FB24CA00C56DD7 /* TMRelearnRequest */ = {
			isa = PBXGroup;
			children = (
				B006649022FB24CA00C56DD7 /* TMRelearnRequest.h */,
				B006648F22FB24CA00C56DD7 /* TMRelearnRequest.m */,
			);
			path = TMRelearnRequest;
			sourceTree = "<group>";
		};
		B006649122FB24CA00C56DD7 /* TMRelearnList */ = {
			isa = PBXGroup;
			children = (
				B006649322FB24CA00C56DD7 /* TMRelearnWordsListViewController.h */,
				B006649222FB24CA00C56DD7 /* TMRelearnWordsListViewController.m */,
			);
			path = TMRelearnList;
			sourceTree = "<group>";
		};
		C4005FC04A1F617FF69B4EE8 /* Pods */ = {
			isa = PBXGroup;
			children = (
				F1D650C933980B564F44FD37 /* Pods-TMRelearnModuleFramework.debug.xcconfig */,
				BB3F5025ADD952F4A6D49D47 /* Pods-TMRelearnModuleFramework.release.xcconfig */,
			);
			name = Pods;
			path = ../Pods;
			sourceTree = "<group>";
		};
		CB3CAFA722F84AE70020EF8B = {
			isa = PBXGroup;
			children = (
				CB3CAFB322F84AE70020EF8B /* TMRelearnModuleFramework */,
				CB3CAFB222F84AE70020EF8B /* Products */,
				C4005FC04A1F617FF69B4EE8 /* Pods */,
				93C1B78E8831D11C314A434E /* Frameworks */,
			);
			sourceTree = "<group>";
		};
		CB3CAFB222F84AE70020EF8B /* Products */ = {
			isa = PBXGroup;
			children = (
				CB3CAFB122F84AE70020EF8B /* TMRelearnModuleFramework.framework */,
			);
			name = Products;
			sourceTree = "<group>";
		};
		CB3CAFB322F84AE70020EF8B /* TMRelearnModuleFramework */ = {
			isa = PBXGroup;
			children = (
				B006648322FB24CA00C56DD7 /* TMRelearnModule */,
				CB3CAFB422F84AE70020EF8B /* TMRelearnModuleFramework.h */,
				CB3CAFBF22F84AF40020EF8B /* TMRelearnManager.h */,
				CB3CAFC322F84AF40020EF8B /* TMRelearnManager.m */,
				CB3CAFB522F84AE70020EF8B /* Info.plist */,
			);
			path = TMRelearnModuleFramework;
			sourceTree = "<group>";
		};
/* End PBXGroup section */

/* Begin PBXHeadersBuildPhase section */
		CB3CAFAC22F84AE70020EF8B /* Headers */ = {
			isa = PBXHeadersBuildPhase;
			buildActionMask = 2147483647;
			files = (
				B006649A22FB24CA00C56DD7 /* TMRelearnWordsDetailHeaderView.h in Headers */,
				B006649C22FB24CA00C56DD7 /* TMRelearnWordsDetailViewController.h in Headers */,
				B006649E22FB24CA00C56DD7 /* TMRelearnRequest.h in Headers */,
				B006649522FB24CA00C56DD7 /* TMRelearnKnowledgeModel.h in Headers */,
				B00664A022FB24CA00C56DD7 /* TMRelearnWordsListViewController.h in Headers */,
				CB3CAFB622F84AE70020EF8B /* TMRelearnModuleFramework.h in Headers */,
				B00664A122FB24CA00C56DD7 /* TMRelearnMacros.h in Headers */,
				CB3CAFC722F84AF40020EF8B /* TMRelearnManager.h in Headers */,
				B006649B22FB24CA00C56DD7 /* TMRelearnWordsDetailCell.h in Headers */,
			);
			runOnlyForDeploymentPostprocessing = 0;
		};
/* End PBXHeadersBuildPhase section */

/* Begin PBXNativeTarget section */
		CB3CAFB022F84AE70020EF8B /* TMRelearnModuleFramework */ = {
			isa = PBXNativeTarget;
			buildConfigurationList = CB3CAFB922F84AE70020EF8B /* Build configuration list for PBXNativeTarget "TMRelearnModuleFramework" */;
			buildPhases = (
				17BC216889E91B17FA7C2E4D /* [CP] Check Pods Manifest.lock */,
				CB3CAFAC22F84AE70020EF8B /* Headers */,
				CB3CAFAD22F84AE70020EF8B /* Sources */,
				CB3CAFAE22F84AE70020EF8B /* Frameworks */,
				CB3CAFAF22F84AE70020EF8B /* Resources */,
			);
			buildRules = (
			);
			dependencies = (
			);
			name = TMRelearnModuleFramework;
			productName = TMRelearnModuleFramework;
			productReference = CB3CAFB122F84AE70020EF8B /* TMRelearnModuleFramework.framework */;
			productType = "com.apple.product-type.framework";
		};
/* End PBXNativeTarget section */

/* Begin PBXProject section */
		CB3CAFA822F84AE70020EF8B /* Project object */ = {
			isa = PBXProject;
			attributes = {
				LastUpgradeCheck = 1020;
				ORGANIZATIONNAME = lg;
				TargetAttributes = {
					CB3CAFB022F84AE70020EF8B = {
						CreatedOnToolsVersion = 10.2.1;
					};
				};
			};
			buildConfigurationList = CB3CAFAB22F84AE70020EF8B /* Build configuration list for PBXProject "TMRelearnModuleFramework" */;
			compatibilityVersion = "Xcode 9.3";
			developmentRegion = en;
			hasScannedForEncodings = 0;
			knownRegions = (
				en,
			);
			mainGroup = CB3CAFA722F84AE70020EF8B;
			productRefGroup = CB3CAFB222F84AE70020EF8B /* Products */;
			projectDirPath = "";
			projectRoot = "";
			targets = (
				CB3CAFB022F84AE70020EF8B /* TMRelearnModuleFramework */,
			);
		};
/* End PBXProject section */

/* Begin PBXResourcesBuildPhase section */
		CB3CAFAF22F84AE70020EF8B /* Resources */ = {
			isa = PBXResourcesBuildPhase;
			buildActionMask = 2147483647;
			files = (
			);
			runOnlyForDeploymentPostprocessing = 0;
		};
/* End PBXResourcesBuildPhase section */

/* Begin PBXShellScriptBuildPhase section */
		17BC216889E91B17FA7C2E4D /* [CP] Check Pods Manifest.lock */ = {
			isa = PBXShellScriptBuildPhase;
			buildActionMask = 2147483647;
			files = (
			);
			inputFileListPaths = (
			);
			inputPaths = (
				"${PODS_PODFILE_DIR_PATH}/Podfile.lock",
				"${PODS_ROOT}/Manifest.lock",
			);
			name = "[CP] Check Pods Manifest.lock";
			outputFileListPaths = (
			);
			outputPaths = (
				"$(DERIVED_FILE_DIR)/Pods-TMRelearnModuleFramework-checkManifestLockResult.txt",
			);
			runOnlyForDeploymentPostprocessing = 0;
			shellPath = /bin/sh;
			shellScript = "diff \"${PODS_PODFILE_DIR_PATH}/Podfile.lock\" \"${PODS_ROOT}/Manifest.lock\" > /dev/null\nif [ $? != 0 ] ; then\n    # print error to STDERR\n    echo \"error: The sandbox is not in sync with the Podfile.lock. Run 'pod install' or update your CocoaPods installation.\" >&2\n    exit 1\nfi\n# This output is used by Xcode 'outputs' to avoid re-running this script phase.\necho \"SUCCESS\" > \"${SCRIPT_OUTPUT_FILE_0}\"\n";
			showEnvVarsInLog = 0;
		};
/* End PBXShellScriptBuildPhase section */

/* Begin PBXSourcesBuildPhase section */
		CB3CAFAD22F84AE70020EF8B /* Sources */ = {
			isa = PBXSourcesBuildPhase;
			buildActionMask = 2147483647;
			files = (
				CB3CAFCB22F84AF40020EF8B /* TMRelearnManager.m in Sources */,
				B006649722FB24CA00C56DD7 /* TMRelearnWordsDetailCell.m in Sources */,
				B006649D22FB24CA00C56DD7 /* TMRelearnRequest.m in Sources */,
				B006649F22FB24CA00C56DD7 /* TMRelearnWordsListViewController.m in Sources */,
				B006649922FB24CA00C56DD7 /* TMRelearnWordsDetailViewController.m in Sources */,
				B006649822FB24CA00C56DD7 /* TMRelearnWordsDetailHeaderView.m in Sources */,
				B006649622FB24CA00C56DD7 /* TMRelearnKnowledgeModel.m in Sources */,
			);
			runOnlyForDeploymentPostprocessing = 0;
		};
/* End PBXSourcesBuildPhase section */

/* Begin XCBuildConfiguration section */
		CB3CAFB722F84AE70020EF8B /* Debug */ = {
			isa = XCBuildConfiguration;
			buildSettings = {
				ALWAYS_SEARCH_USER_PATHS = NO;
				CLANG_ANALYZER_NONNULL = YES;
				CLANG_ANALYZER_NUMBER_OBJECT_CONVERSION = YES_AGGRESSIVE;
				CLANG_CXX_LANGUAGE_STANDARD = "gnu++14";
				CLANG_CXX_LIBRARY = "libc++";
				CLANG_ENABLE_MODULES = YES;
				CLANG_ENABLE_OBJC_ARC = YES;
				CLANG_ENABLE_OBJC_WEAK = YES;
				CLANG_WARN_BLOCK_CAPTURE_AUTORELEASING = YES;
				CLANG_WARN_BOOL_CONVERSION = YES;
				CLANG_WARN_COMMA = YES;
				CLANG_WARN_CONSTANT_CONVERSION = YES;
				CLANG_WARN_DEPRECATED_OBJC_IMPLEMENTATIONS = YES;
				CLANG_WARN_DIRECT_OBJC_ISA_USAGE = YES_ERROR;
				CLANG_WARN_DOCUMENTATION_COMMENTS = YES;
				CLANG_WARN_EMPTY_BODY = YES;
				CLANG_WARN_ENUM_CONVERSION = YES;
				CLANG_WARN_INFINITE_RECURSION = YES;
				CLANG_WARN_INT_CONVERSION = YES;
				CLANG_WARN_NON_LITERAL_NULL_CONVERSION = YES;
				CLANG_WARN_OBJC_IMPLICIT_RETAIN_SELF = YES;
				CLANG_WARN_OBJC_LITERAL_CONVERSION = YES;
				CLANG_WARN_OBJC_ROOT_CLASS = YES_ERROR;
				CLANG_WARN_RANGE_LOOP_ANALYSIS = YES;
				CLANG_WARN_STRICT_PROTOTYPES = YES;
				CLANG_WARN_SUSPICIOUS_MOVE = YES;
				CLANG_WARN_UNGUARDED_AVAILABILITY = YES_AGGRESSIVE;
				CLANG_WARN_UNREACHABLE_CODE = YES;
				CLANG_WARN__DUPLICATE_METHOD_MATCH = YES;
				CODE_SIGN_IDENTITY = "iPhone Developer";
				COPY_PHASE_STRIP = NO;
				CURRENT_PROJECT_VERSION = 1;
				DEBUG_INFORMATION_FORMAT = dwarf;
				ENABLE_STRICT_OBJC_MSGSEND = YES;
				ENABLE_TESTABILITY = YES;
				GCC_C_LANGUAGE_STANDARD = gnu11;
				GCC_DYNAMIC_NO_PIC = NO;
				GCC_NO_COMMON_BLOCKS = YES;
				GCC_OPTIMIZATION_LEVEL = 0;
				GCC_PREPROCESSOR_DEFINITIONS = (
					"DEBUG=1",
					"$(inherited)",
				);
				GCC_WARN_64_TO_32_BIT_CONVERSION = YES;
				GCC_WARN_ABOUT_RETURN_TYPE = YES_ERROR;
				GCC_WARN_UNDECLARED_SELECTOR = YES;
				GCC_WARN_UNINITIALIZED_AUTOS = YES_AGGRESSIVE;
				GCC_WARN_UNUSED_FUNCTION = YES;
				GCC_WARN_UNUSED_VARIABLE = YES;
				IPHONEOS_DEPLOYMENT_TARGET = 12.2;
				MTL_ENABLE_DEBUG_INFO = INCLUDE_SOURCE;
				MTL_FAST_MATH = YES;
				ONLY_ACTIVE_ARCH = YES;
				SDKROOT = iphoneos;
				VERSIONING_SYSTEM = "apple-generic";
				VERSION_INFO_PREFIX = "";
			};
			name = Debug;
		};
		CB3CAFB822F84AE70020EF8B /* Release */ = {
			isa = XCBuildConfiguration;
			buildSettings = {
				ALWAYS_SEARCH_USER_PATHS = NO;
				CLANG_ANALYZER_NONNULL = YES;
				CLANG_ANALYZER_NUMBER_OBJECT_CONVERSION = YES_AGGRESSIVE;
				CLANG_CXX_LANGUAGE_STANDARD = "gnu++14";
				CLANG_CXX_LIBRARY = "libc++";
				CLANG_ENABLE_MODULES = YES;
				CLANG_ENABLE_OBJC_ARC = YES;
				CLANG_ENABLE_OBJC_WEAK = YES;
				CLANG_WARN_BLOCK_CAPTURE_AUTORELEASING = YES;
				CLANG_WARN_BOOL_CONVERSION = YES;
				CLANG_WARN_COMMA = YES;
				CLANG_WARN_CONSTANT_CONVERSION = YES;
				CLANG_WARN_DEPRECATED_OBJC_IMPLEMENTATIONS = YES;
				CLANG_WARN_DIRECT_OBJC_ISA_USAGE = YES_ERROR;
				CLANG_WARN_DOCUMENTATION_COMMENTS = YES;
				CLANG_WARN_EMPTY_BODY = YES;
				CLANG_WARN_ENUM_CONVERSION = YES;
				CLANG_WARN_INFINITE_RECURSION = YES;
				CLANG_WARN_INT_CONVERSION = YES;
				CLANG_WARN_NON_LITERAL_NULL_CONVERSION = YES;
				CLANG_WARN_OBJC_IMPLICIT_RETAIN_SELF = YES;
				CLANG_WARN_OBJC_LITERAL_CONVERSION = YES;
				CLANG_WARN_OBJC_ROOT_CLASS = YES_ERROR;
				CLANG_WARN_RANGE_LOOP_ANALYSIS = YES;
				CLANG_WARN_STRICT_PROTOTYPES = YES;
				CLANG_WARN_SUSPICIOUS_MOVE = YES;
				CLANG_WARN_UNGUARDED_AVAILABILITY = YES_AGGRESSIVE;
				CLANG_WARN_UNREACHABLE_CODE = YES;
				CLANG_WARN__DUPLICATE_METHOD_MATCH = YES;
				CODE_SIGN_IDENTITY = "iPhone Developer";
				COPY_PHASE_STRIP = NO;
				CURRENT_PROJECT_VERSION = 1;
				DEBUG_INFORMATION_FORMAT = "dwarf-with-dsym";
				ENABLE_NS_ASSERTIONS = NO;
				ENABLE_STRICT_OBJC_MSGSEND = YES;
				GCC_C_LANGUAGE_STANDARD = gnu11;
				GCC_NO_COMMON_BLOCKS = YES;
				GCC_WARN_64_TO_32_BIT_CONVERSION = YES;
				GCC_WARN_ABOUT_RETURN_TYPE = YES_ERROR;
				GCC_WARN_UNDECLARED_SELECTOR = YES;
				GCC_WARN_UNINITIALIZED_AUTOS = YES_AGGRESSIVE;
				GCC_WARN_UNUSED_FUNCTION = YES;
				GCC_WARN_UNUSED_VARIABLE = YES;
				IPHONEOS_DEPLOYMENT_TARGET = 12.2;
				MTL_ENABLE_DEBUG_INFO = NO;
				MTL_FAST_MATH = YES;
				SDKROOT = iphoneos;
				VALIDATE_PRODUCT = YES;
				VERSIONING_SYSTEM = "apple-generic";
				VERSION_INFO_PREFIX = "";
			};
			name = Release;
		};
		CB3CAFBA22F84AE70020EF8B /* Debug */ = {
			isa = XCBuildConfiguration;
			baseConfigurationReference = F1D650C933980B564F44FD37 /* Pods-TMRelearnModuleFramework.debug.xcconfig */;
			buildSettings = {
				CODE_SIGN_IDENTITY = "";
				CODE_SIGN_STYLE = Automatic;
				DEFINES_MODULE = YES;
				DEVELOPMENT_TEAM = Z35S33J39R;
				DYLIB_COMPATIBILITY_VERSION = 1;
				DYLIB_CURRENT_VERSION = 1;
				DYLIB_INSTALL_NAME_BASE = "@rpath";
				INFOPLIST_FILE = TMRelearnModuleFramework/Info.plist;
				INSTALL_PATH = "$(LOCAL_LIBRARY_DIR)/Frameworks";
				LD_RUNPATH_SEARCH_PATHS = (
					"$(inherited)",
					"@executable_path/Frameworks",
					"@loader_path/Frameworks",
				);
				MACH_O_TYPE = staticlib;
				ONLY_ACTIVE_ARCH = NO;
				PRODUCT_BUNDLE_IDENTIFIER = com.TMRelearnModuleFramework;
				PRODUCT_NAME = "$(TARGET_NAME:c99extidentifier)";
				SKIP_INSTALL = YES;
				TARGETED_DEVICE_FAMILY = "1,2";
			};
			name = Debug;
		};
		CB3CAFBB22F84AE70020EF8B /* Release */ = {
			isa = XCBuildConfiguration;
			baseConfigurationReference = BB3F5025ADD952F4A6D49D47 /* Pods-TMRelearnModuleFramework.release.xcconfig */;
			buildSettings = {
				CODE_SIGN_IDENTITY = "";
				CODE_SIGN_STYLE = Automatic;
				DEFINES_MODULE = YES;
				DEVELOPMENT_TEAM = Z35S33J39R;
				DYLIB_COMPATIBILITY_VERSION = 1;
				DYLIB_CURRENT_VERSION = 1;
				DYLIB_INSTALL_NAME_BASE = "@rpath";
				INFOPLIST_FILE = TMRelearnModuleFramework/Info.plist;
				INSTALL_PATH = "$(LOCAL_LIBRARY_DIR)/Frameworks";
				LD_RUNPATH_SEARCH_PATHS = (
					"$(inherited)",
					"@executable_path/Frameworks",
					"@loader_path/Frameworks",
				);
				MACH_O_TYPE = staticlib;
				PRODUCT_BUNDLE_IDENTIFIER = com.TMRelearnModuleFramework;
				PRODUCT_NAME = "$(TARGET_NAME:c99extidentifier)";
				SKIP_INSTALL = YES;
				TARGETED_DEVICE_FAMILY = "1,2";
			};
			name = Release;
		};
/* End XCBuildConfiguration section */

/* Begin XCConfigurationList section */
		CB3CAFAB22F84AE70020EF8B /* Build configuration list for PBXProject "TMRelearnModuleFramework" */ = {
			isa = XCConfigurationList;
			buildConfigurations = (
				CB3CAFB722F84AE70020EF8B /* Debug */,
				CB3CAFB822F84AE70020EF8B /* Release */,
			);
			defaultConfigurationIsVisible = 0;
			defaultConfigurationName = Release;
		};
		CB3CAFB922F84AE70020EF8B /* Build configuration list for PBXNativeTarget "TMRelearnModuleFramework" */ = {
			isa = XCConfigurationList;
			buildConfigurations = (
				CB3CAFBA22F84AE70020EF8B /* Debug */,
				CB3CAFBB22F84AE70020EF8B /* Release */,
			);
			defaultConfigurationIsVisible = 0;
			defaultConfigurationName = Release;
		};
/* End XCConfigurationList section */
	};
	rootObject = CB3CAFA822F84AE70020EF8B /* Project object */;
}
